
Microsoft Visual Studio Solution File, Format Version 12.00
# Visual Studio Version 17
VisualStudioVersion = 17.6.33815.320
MinimumVisualStudioVersion = 10.0.40219.1
Project("{FAE04EC0-301F-11D3-BF4B-00C04F79EFBC}") = "File_Watcher_System_ConsoleApp", "File_Watcher_System_ConsoleApp\File_Watcher_System_ConsoleApp.csproj", "{F0DDBA26-8ACE-4B40-8B4C-66DE1941DB95}"
EndProject
Project("{FAE04EC0-301F-11D3-BF4B-00C04F79EFBC}") = "MailTransfer", "MailTransfer\MailTransfer.csproj", "{A011D69A-DD05-416F-89F5-0C356E647248}"
EndProject
Project("{FAE04EC0-301F-11D3-BF4B-00C04F79EFBC}") = "AdoNet", "AdoNet\AdoNet.csproj", "{D2D6E7B8-4975-4899-8CFF-C507C8A8DD44}"
EndProject
Project("{9A19103F-16F7-4668-BE54-9A1E7A4F7556}") = "entityTest", "entityTest\entityTest.csproj", "{96D3AADD-E38B-40A2-85A6-8254EC3BF8AC}"
EndProject
Project("{FAE04EC0-301F-11D3-BF4B-00C04F79EFBC}") = "ConsoleApp5", "ConsoleApp5\ConsoleApp5.csproj", "{1E7CA59F-B662-4ADA-885C-9BE594D1DAD0}"
EndProject
Project("{FAE04EC0-301F-11D3-BF4B-00C04F79EFBC}") = "SQLtesting", "SQLtesting\SQLtesting.csproj", "{5771AF02-E539-4A25-BC07-A734EBB53183}"
EndProject
Global
	GlobalSection(SolutionConfigurationPlatforms) = preSolution
		Debug|Any CPU = Debug|Any CPU
		Release|Any CPU = Release|Any CPU
	EndGlobalSection
	GlobalSection(ProjectConfigurationPlatforms) = postSolution
		{F0DDBA26-8ACE-4B40-8B4C-66DE1941DB95}.Debug|Any CPU.ActiveCfg = Debug|Any CPU
		{F0DDBA26-8ACE-4B40-8B4C-66DE1941DB95}.Debug|Any CPU.Build.0 = Debug|Any CPU
		{F0DDBA26-8ACE-4B40-8B4C-66DE1941DB95}.Release|Any CPU.ActiveCfg = Release|Any CPU
		{F0DDBA26-8ACE-4B40-8B4C-66DE1941DB95}.Release|Any CPU.Build.0 = Release|Any CPU
		{A011D69A-DD05-416F-89F5-0C356E647248}.Debug|Any CPU.ActiveCfg = Debug|Any CPU
		{A011D69A-DD05-416F-89F5-0C356E647248}.Debug|Any CPU.Build.0 = Debug|Any CPU
		{A011D69A-DD05-416F-89F5-0C356E647248}.Release|Any CPU.ActiveCfg = Release|Any CPU
		{A011D69A-DD05-416F-89F5-0C356E647248}.Release|Any CPU.Build.0 = Release|Any CPU
		{D2D6E7B8-4975-4899-8CFF-C507C8A8DD44}.Debug|Any CPU.ActiveCfg = Debug|Any CPU
		{D2D6E7B8-4975-4899-8CFF-C507C8A8DD44}.Debug|Any CPU.Build.0 = Debug|Any CPU
		{D2D6E7B8-4975-4899-8CFF-C507C8A8DD44}.Release|Any CPU.ActiveCfg = Release|Any CPU
		{D2D6E7B8-4975-4899-8CFF-C507C8A8DD44}.Release|Any CPU.Build.0 = Release|Any CPU
		{96D3AADD-E38B-40A2-85A6-8254EC3BF8AC}.Debug|Any CPU.ActiveCfg = Debug|Any CPU
		{96D3AADD-E38B-40A2-85A6-8254EC3BF8AC}.Debug|Any CPU.Build.0 = Debug|Any CPU
		{96D3AADD-E38B-40A2-85A6-8254EC3BF8AC}.Release|Any CPU.ActiveCfg = Release|Any CPU
		{96D3AADD-E38B-40A2-85A6-8254EC3BF8AC}.Release|Any CPU.Build.0 = Release|Any CPU
		{1E7CA59F-B662-4ADA-885C-9BE594D1DAD0}.Debug|Any CPU.ActiveCfg = Debug|Any CPU
		{1E7CA59F-B662-4ADA-885C-9BE594D1DAD0}.Debug|Any CPU.Build.0 = Debug|Any CPU
		{1E7CA59F-B662-4ADA-885C-9BE594D1DAD0}.Release|Any CPU.ActiveCfg = Release|Any CPU
		{1E7CA59F-B662-4ADA-885C-9BE594D1DAD0}.Release|Any CPU.Build.0 = Release|Any CPU
		{5771AF02-E539-4A25-BC07-A734EBB53183}.Debug|Any CPU.ActiveCfg = Debug|Any CPU
		{5771AF02-E539-4A25-BC07-A734EBB53183}.Debug|Any CPU.Build.0 = Debug|Any CPU
		{5771AF02-E539-4A25-BC07-A734EBB53183}.Release|Any CPU.ActiveCfg = Release|Any CPU
		{5771AF02-E539-4A25-BC07-A734EBB53183}.Release|Any CPU.Build.0 = Release|Any CPU
	EndGlobalSection
	GlobalSection(SolutionProperties) = preSolution
		HideSolutionNode = FALSE
	EndGlobalSection
	GlobalSection(ExtensibilityGlobals) = postSolution
		SolutionGuid = {FECD698C-D0AB-4F2C-AB8F-DF089EA91991}
	EndGlobalSection
EndGlobal
